
Microsoft Visual Studio Solution File, Format Version 12.00
# Visual Studio 15
Project("{FAE04EC0-301F-11D3-BF4B-00C04F79EFBC}") = "APIEmployeeTests", "APIEmployeeTests\APIEmployeeTests.csproj", "{96636941-1E9E-415E-831A-4DF3D13D323B}"
EndProject
Global
	GlobalSection(SolutionConfigurationPlatforms) = preSolution
		Debug|Any CPU = Debug|Any CPU
		Release|Any CPU = Release|Any CPU
	EndGlobalSection
	GlobalSection(ProjectConfigurationPlatforms) = postSolution
		{96636941-1E9E-415E-831A-4DF3D13D323B}.Debug|Any CPU.ActiveCfg = Debug|Any CPU
		{96636941-1E9E-415E-831A-4DF3D13D323B}.Debug|Any CPU.Build.0 = Debug|Any CPU
		{96636941-1E9E-415E-831A-4DF3D13D323B}.Release|Any CPU.ActiveCfg = Release|Any CPU
		{96636941-1E9E-415E-831A-4DF3D13D323B}.Release|Any CPU.Build.0 = Release|Any CPU
	EndGlobalSection
EndGlobal
